Microsoft Visual Studio Solution File, Format Version 12.00
# Visual Studio Version 17
VisualStudioVersion = 17.5.2.0
MinimumVisualStudioVersion = 10.0.40219.1
Project("{FAE04EC0-301F-11D3-BF4B-00C04F79EFBC}") = "MemoryAndDistributedCache", "MemoryAndDistributedCache\MemoryAndDistributedCache.csproj", "{D1F00B25-C1E7-3DFE-0654-FED539350A31}"
EndProject
Project("{FAE04EC0-301F-11D3-BF4B-00C04F79EFBC}") = "DistributedCache", "DistributedCache\DistributedCache.csproj", "{0209B5DB-73C2-4C75-B221-4DFFABB9FF32}"
EndProject
Global
	GlobalSection(SolutionConfigurationPlatforms) = preSolution
		Debug|Any CPU = Debug|Any CPU
		Release|Any CPU = Release|Any CPU
	EndGlobalSection
	GlobalSection(ProjectConfigurationPlatforms) = postSolution
		{D1F00B25-C1E7-3DFE-0654-FED539350A31}.Debug|Any CPU.ActiveCfg = Debug|Any CPU
		{D1F00B25-C1E7-3DFE-0654-FED539350A31}.Debug|Any CPU.Build.0 = Debug|Any CPU
		{D1F00B25-C1E7-3DFE-0654-FED539350A31}.Release|Any CPU.ActiveCfg = Release|Any CPU
		{D1F00B25-C1E7-3DFE-0654-FED539350A31}.Release|Any CPU.Build.0 = Release|Any CPU
		{0209B5DB-73C2-4C75-B221-4DFFABB9FF32}.Debug|Any CPU.ActiveCfg = Debug|Any CPU
		{0209B5DB-73C2-4C75-B221-4DFFABB9FF32}.Debug|Any CPU.Build.0 = Debug|Any CPU
		{0209B5DB-73C2-4C75-B221-4DFFABB9FF32}.Release|Any CPU.ActiveCfg = Release|Any CPU
		{0209B5DB-73C2-4C75-B221-4DFFABB9FF32}.Release|Any CPU.Build.0 = Release|Any CPU
	EndGlobalSection
	GlobalSection(SolutionProperties) = preSolution
		HideSolutionNode = FALSE
	EndGlobalSection
	GlobalSection(ExtensibilityGlobals) = postSolution
		SolutionGuid = {AFA12E1C-3A62-4C9C-A956-4CA6107F1567}
	EndGlobalSection
EndGlobal
